
Microsoft Visual Studio Solution File, Format Version 12.00
# Visual Studio 15
VisualStudioVersion = 15.0.26730.16
MinimumVisualStudioVersion = 10.0.40219.1
Project("{FAE04EC0-301F-11D3-BF4B-00C04F79EFBC}") = "NumberGuessing", "NumberGuessing\NumberGuessing.csproj", "{F7E63BBE-E72F-46C8-802A-FFF852D61AE1}"
EndProject
Global
	GlobalSection(SolutionConfigurationPlatforms) = preSolution
		Debug|Any CPU = Debug|Any CPU
		Release|Any CPU = Release|Any CPU
	EndGlobalSection
	GlobalSection(ProjectConfigurationPlatforms) = postSolution
		{F7E63BBE-E72F-46C8-802A-FFF852D61AE1}.Debug|Any CPU.ActiveCfg = Debug|Any CPU
		{F7E63BBE-E72F-46C8-802A-FFF852D61AE1}.Debug|Any CPU.Build.0 = Debug|Any CPU
		{F7E63BBE-E72F-46C8-802A-FFF852D61AE1}.Release|Any CPU.ActiveCfg = Release|Any CPU
		{F7E63BBE-E72F-46C8-802A-FFF852D61AE1}.Release|Any CPU.Build.0 = Release|Any CPU
	EndGlobalSection
	GlobalSection(SolutionProperties) = preSolution
		HideSolutionNode = FALSE
	EndGlobalSection
	GlobalSection(ExtensibilityGlobals) = postSolution
		SolutionGuid = {3F4DE228-7B9B-44BC-8375-3281D9D0BF25}
	EndGlobalSection
EndGlobal
